{
  "name": "nfc-kaoqin",
  "lockfileVersion": 3,
  "requires": true,
  "packages": {
    "": {
      "dependencies": {
        "tdesign-miniprogram": "^1.2.2"
      }
    },
    "node_modules/dayjs": {
      "version": "1.11.9",
      "resolved": "https://registry.npmjs.org/dayjs/-/dayjs-1.11.9.tgz",
      "integrity": "sha512-QvzAURSbQ0pKdIye2txOzNaHmxtUBXerpY0FJsFXUMKbIZeFm5ht1LS/jFsrncjnmtv8HsG0W2g6c0zUjZWmpA=="
    },
    "node_modules/tdesign-miniprogram": {
      "version": "1.2.2",
      "resolved": "https://registry.npmjs.org/tdesign-miniprogram/-/tdesign-miniprogram-1.2.2.tgz",
      "integrity": "sha512-VLosGP2ACmf9ckPImp8FFzzZUTnxD6kWoTiHjAzuuQJqz66WHcnuBJHNq0yuXRDybehEcbkH4Naln1sPP27j6w==",
      "dependencies": {
        "dayjs": "^1.10.7"
      }
    }
  }
}
